
Microsoft Visual Studio Solution File, Format Version 12.00
Project("{2150E333-8FDC-42A3-9474-1A3956D46DE8}") = "SharedKernel", "SharedKernel", "{6103422E-B0C1-4E08-8B78-1579469F5C59}"
EndProject
Project("{2150E333-8FDC-42A3-9474-1A3956D46DE8}") = "Infrastructure", "Infrastructure", "{2DEA133D-3B0A-4B50-8D7C-4E9859791628}"
EndProject
Project("{2150E333-8FDC-42A3-9474-1A3956D46DE8}") = "Sql", "Sql", "{4438015B-6D89-4FF0-AF5F-EB52235E2928}"
EndProject
Project("{FAE04EC0-301F-11D3-BF4B-00C04F79EFBC}") = "GP.ECommerce1.Infrastructure.Sql", "GP.ECommerce1.Infrastructure.Sql\GP.ECommerce1.Infrastructure.Sql.csproj", "{C834B92C-A6B9-4E16-A4D2-882033DE25A3}"
EndProject
Project("{FAE04EC0-301F-11D3-BF4B-00C04F79EFBC}") = "GP.ECommerce1.Api.Sql", "GP.ECommerce1.Api.Sql\GP.ECommerce1.Api.Sql.csproj", "{03110990-C24F-403A-BE39-17D52BBC3DAA}"
EndProject
Project("{2150E333-8FDC-42A3-9474-1A3956D46DE8}") = "Core", "Core", "{C191B58A-1E52-477A-BCED-5A28F02AEBEC}"
EndProject
Project("{FAE04EC0-301F-11D3-BF4B-00C04F79EFBC}") = "GP.ECommerce1.Core", "GP.ECommerce1.Core\GP.ECommerce1.Core.csproj", "{49C8924B-E425-4EAE-9391-2A262AB96EA6}"
EndProject
Project("{FAE04EC0-301F-11D3-BF4B-00C04F79EFBC}") = "GP.ECommerce1.Infrastructure.DataSeeder", "GP.ECommerce1.Infrastructure.DataSeeder\GP.ECommerce1.Infrastructure.DataSeeder.csproj", "{7046BCE5-7EB4-420F-8160-58D2F9550848}"
EndProject
Project("{FAE04EC0-301F-11D3-BF4B-00C04F79EFBC}") = "GP.Utilix", "GP.Utilix\GP.Utilix.csproj", "{E00CCAA5-DD33-4624-8F3B-B648599596CD}"
EndProject
Project("{2150E333-8FDC-42A3-9474-1A3956D46DE8}") = "MongoDB", "MongoDB", "{90F172BF-5AA0-4BA0-9839-9D836C42E1D1}"
EndProject
Project("{FAE04EC0-301F-11D3-BF4B-00C04F79EFBC}") = "GP.ECommerce1.Infrastructure.MongoDb", "GP.ECommerce1.Infrastructure.MongoDb\GP.ECommerce1.Infrastructure.MongoDb.csproj", "{5CDB7EF2-7835-4778-B522-C69FE604599C}"
EndProject
Project("{2150E333-8FDC-42A3-9474-1A3956D46DE8}") = "Presentation", "Presentation", "{46801194-875D-42BC-989A-9AE684BB0D60}"
EndProject
Project("{FAE04EC0-301F-11D3-BF4B-00C04F79EFBC}") = "GP.ECommerce1.Api.MongoDb", "GP.ECommerce1.Api.MongoDb\GP.ECommerce1.Api.MongoDb.csproj", "{BFBC8068-1944-4060-84D7-7F93C6628667}"
EndProject
Global
	GlobalSection(SolutionConfigurationPlatforms) = preSolution
		Debug|Any CPU = Debug|Any CPU
		Release|Any CPU = Release|Any CPU
	EndGlobalSection
	GlobalSection(ProjectConfigurationPlatforms) = postSolution
		{C834B92C-A6B9-4E16-A4D2-882033DE25A3}.Debug|Any CPU.ActiveCfg = Debug|Any CPU
		{C834B92C-A6B9-4E16-A4D2-882033DE25A3}.Debug|Any CPU.Build.0 = Debug|Any CPU
		{C834B92C-A6B9-4E16-A4D2-882033DE25A3}.Release|Any CPU.ActiveCfg = Release|Any CPU
		{C834B92C-A6B9-4E16-A4D2-882033DE25A3}.Release|Any CPU.Build.0 = Release|Any CPU
		{03110990-C24F-403A-BE39-17D52BBC3DAA}.Debug|Any CPU.ActiveCfg = Debug|Any CPU
		{03110990-C24F-403A-BE39-17D52BBC3DAA}.Debug|Any CPU.Build.0 = Debug|Any CPU
		{03110990-C24F-403A-BE39-17D52BBC3DAA}.Release|Any CPU.ActiveCfg = Release|Any CPU
		{03110990-C24F-403A-BE39-17D52BBC3DAA}.Release|Any CPU.Build.0 = Release|Any CPU
		{49C8924B-E425-4EAE-9391-2A262AB96EA6}.Debug|Any CPU.ActiveCfg = Debug|Any CPU
		{49C8924B-E425-4EAE-9391-2A262AB96EA6}.Debug|Any CPU.Build.0 = Debug|Any CPU
		{49C8924B-E425-4EAE-9391-2A262AB96EA6}.Release|Any CPU.ActiveCfg = Release|Any CPU
		{49C8924B-E425-4EAE-9391-2A262AB96EA6}.Release|Any CPU.Build.0 = Release|Any CPU
		{7046BCE5-7EB4-420F-8160-58D2F9550848}.Debug|Any CPU.ActiveCfg = Debug|Any CPU
		{7046BCE5-7EB4-420F-8160-58D2F9550848}.Debug|Any CPU.Build.0 = Debug|Any CPU
		{7046BCE5-7EB4-420F-8160-58D2F9550848}.Release|Any CPU.ActiveCfg = Release|Any CPU
		{7046BCE5-7EB4-420F-8160-58D2F9550848}.Release|Any CPU.Build.0 = Release|Any CPU
		{E00CCAA5-DD33-4624-8F3B-B648599596CD}.Debug|Any CPU.ActiveCfg = Debug|Any CPU
		{E00CCAA5-DD33-4624-8F3B-B648599596CD}.Debug|Any CPU.Build.0 = Debug|Any CPU
		{E00CCAA5-DD33-4624-8F3B-B648599596CD}.Release|Any CPU.ActiveCfg = Release|Any CPU
		{E00CCAA5-DD33-4624-8F3B-B648599596CD}.Release|Any CPU.Build.0 = Release|Any CPU
		{5CDB7EF2-7835-4778-B522-C69FE604599C}.Debug|Any CPU.ActiveCfg = Debug|Any CPU
		{5CDB7EF2-7835-4778-B522-C69FE604599C}.Debug|Any CPU.Build.0 = Debug|Any CPU
		{5CDB7EF2-7835-4778-B522-C69FE604599C}.Release|Any CPU.ActiveCfg = Release|Any CPU
		{5CDB7EF2-7835-4778-B522-C69FE604599C}.Release|Any CPU.Build.0 = Release|Any CPU
		{BFBC8068-1944-4060-84D7-7F93C6628667}.Debug|Any CPU.ActiveCfg = Debug|Any CPU
		{BFBC8068-1944-4060-84D7-7F93C6628667}.Debug|Any CPU.Build.0 = Debug|Any CPU
		{BFBC8068-1944-4060-84D7-7F93C6628667}.Release|Any CPU.ActiveCfg = Release|Any CPU
		{BFBC8068-1944-4060-84D7-7F93C6628667}.Release|Any CPU.Build.0 = Release|Any CPU
	EndGlobalSection
	GlobalSection(NestedProjects) = preSolution
		{4438015B-6D89-4FF0-AF5F-EB52235E2928} = {2DEA133D-3B0A-4B50-8D7C-4E9859791628}
		{C834B92C-A6B9-4E16-A4D2-882033DE25A3} = {4438015B-6D89-4FF0-AF5F-EB52235E2928}
		{49C8924B-E425-4EAE-9391-2A262AB96EA6} = {C191B58A-1E52-477A-BCED-5A28F02AEBEC}
		{E00CCAA5-DD33-4624-8F3B-B648599596CD} = {6103422E-B0C1-4E08-8B78-1579469F5C59}
		{90F172BF-5AA0-4BA0-9839-9D836C42E1D1} = {2DEA133D-3B0A-4B50-8D7C-4E9859791628}
		{5CDB7EF2-7835-4778-B522-C69FE604599C} = {90F172BF-5AA0-4BA0-9839-9D836C42E1D1}
		{03110990-C24F-403A-BE39-17D52BBC3DAA} = {46801194-875D-42BC-989A-9AE684BB0D60}
		{BFBC8068-1944-4060-84D7-7F93C6628667} = {46801194-875D-42BC-989A-9AE684BB0D60}
		{7046BCE5-7EB4-420F-8160-58D2F9550848} = {2DEA133D-3B0A-4B50-8D7C-4E9859791628}
	EndGlobalSection
EndGlobal
