
Microsoft Visual Studio Solution File, Format Version 12.00
Project("{FAE04EC0-301F-11D3-BF4B-00C04F79EFBC}") = "GP.Utilix", "GP.Utilix\GP.Utilix.csproj", "{AA10CA71-5C96-449C-927A-CD0F69D655ED}"
EndProject
Global
	GlobalSection(SolutionConfigurationPlatforms) = preSolution
		Debug|Any CPU = Debug|Any CPU
		Release|Any CPU = Release|Any CPU
	EndGlobalSection
	GlobalSection(ProjectConfigurationPlatforms) = postSolution
		{AA10CA71-5C96-449C-927A-CD0F69D655ED}.Debug|Any CPU.ActiveCfg = Debug|Any CPU
		{AA10CA71-5C96-449C-927A-CD0F69D655ED}.Debug|Any CPU.Build.0 = Debug|Any CPU
		{AA10CA71-5C96-449C-927A-CD0F69D655ED}.Release|Any CPU.ActiveCfg = Release|Any CPU
		{AA10CA71-5C96-449C-927A-CD0F69D655ED}.Release|Any CPU.Build.0 = Release|Any CPU
	EndGlobalSection
EndGlobal
